
Microsoft Visual Studio Solution File, Format Version 12.00
# Visual Studio Version 17
VisualStudioVersion = 17.5.33627.172
MinimumVisualStudioVersion = 10.0.40219.1
Project("{FAE04EC0-301F-11D3-BF4B-00C04F79EFBC}") = "AdminMNS.API", "AdminMNS.API.csproj", "{69BB754C-7D38-4A1C-913D-B434598811DC}"
EndProject
Global
	GlobalSection(SolutionConfigurationPlatforms) = preSolution
		Debug|Any CPU = Debug|Any CPU
		Release|Any CPU = Release|Any CPU
	EndGlobalSection
	GlobalSection(ProjectConfigurationPlatforms) = postSolution
		{69BB754C-7D38-4A1C-913D-B434598811DC}.Debug|Any CPU.ActiveCfg = Debug|Any CPU
		{69BB754C-7D38-4A1C-913D-B434598811DC}.Debug|Any CPU.Build.0 = Debug|Any CPU
		{69BB754C-7D38-4A1C-913D-B434598811DC}.Release|Any CPU.ActiveCfg = Release|Any CPU
		{69BB754C-7D38-4A1C-913D-B434598811DC}.Release|Any CPU.Build.0 = Release|Any CPU
	EndGlobalSection
	GlobalSection(SolutionProperties) = preSolution
		HideSolutionNode = FALSE
	EndGlobalSection
	GlobalSection(ExtensibilityGlobals) = postSolution
		SolutionGuid = {BB53C54B-4456-4EF2-940A-63E8E1CC9F48}
	EndGlobalSection
EndGlobal
